
Microsoft Visual Studio Solution File, Format Version 12.00
# Visual Studio Version 17
VisualStudioVersion = 17.2.32630.192
MinimumVisualStudioVersion = 10.0.40219.1
Project("{FAE04EC0-301F-11D3-BF4B-00C04F79EFBC}") = "DiscordBot-Virtual", "DiscordBot-Virtual.csproj", "{E855F2F0-35EA-4DC9-9141-B2FC5F9EC7C8}"
EndProject
Global
	GlobalSection(SolutionConfigurationPlatforms) = preSolution
		Debug|Any CPU = Debug|Any CPU
		Release|Any CPU = Release|Any CPU
	EndGlobalSection
	GlobalSection(ProjectConfigurationPlatforms) = postSolution
		{E855F2F0-35EA-4DC9-9141-B2FC5F9EC7C8}.Debug|Any CPU.ActiveCfg = Debug|Any CPU
		{E855F2F0-35EA-4DC9-9141-B2FC5F9EC7C8}.Debug|Any CPU.Build.0 = Debug|Any CPU
		{E855F2F0-35EA-4DC9-9141-B2FC5F9EC7C8}.Release|Any CPU.ActiveCfg = Release|Any CPU
		{E855F2F0-35EA-4DC9-9141-B2FC5F9EC7C8}.Release|Any CPU.Build.0 = Release|Any CPU
	EndGlobalSection
	GlobalSection(SolutionProperties) = preSolution
		HideSolutionNode = FALSE
	EndGlobalSection
	GlobalSection(ExtensibilityGlobals) = postSolution
		SolutionGuid = {8561E2A7-CDEB-449F-835A-C85B1E1C7F2E}
	EndGlobalSection
EndGlobal
